#MicroXplorer Configuration settings - do not modify
File.Version=6
KeepUserPlacement=false
LCD.IPParameters=Prescaler
LCD.Prescaler=LCD_PRESCALER_4
Mcu.Family=STM32L0
Mcu.IP0=LCD
Mcu.IP1=NVIC
Mcu.IP2=RCC
Mcu.IP3=SYS
Mcu.IP4=USART1
Mcu.IPNb=5
Mcu.Name=STM32L053C(6-8)Tx
Mcu.Package=LQFP48
Mcu.Pin0=PA1
Mcu.Pin1=PA2
Mcu.Pin10=PA13
Mcu.Pin11=PA14
Mcu.Pin12=PB6
Mcu.Pin13=PB7
Mcu.Pin14=PB9
Mcu.Pin15=VP_LCD_LCD_Bias
Mcu.Pin16=VP_SYS_VS_Systick
Mcu.Pin2=PA3
Mcu.Pin3=PA6
Mcu.Pin4=PA7
Mcu.Pin5=PB0
Mcu.Pin6=PB1
Mcu.Pin7=PA8
Mcu.Pin8=PA9
Mcu.Pin9=PA10
Mcu.PinsNb=17
Mcu.UserConstants=
Mcu.UserName=STM32L053C8Tx
MxCube.Version=4.23.0
MxDb.Version=DB.4.0.230
NVIC.HardFault_IRQn=true\:0\:0\:false\:false\:true\:false
NVIC.NonMaskableInt_IRQn=true\:0\:0\:false\:false\:true\:false
NVIC.PendSV_IRQn=true\:0\:0\:false\:false\:true\:false
NVIC.SVC_IRQn=true\:0\:0\:false\:false\:true\:false
NVIC.SysTick_IRQn=true\:0\:0\:false\:false\:true\:false
PA1.Mode=SEG0
PA1.Signal=LCD_SEG0
PA10.Mode=1/4 Duty Cycle
PA10.Signal=LCD_COM2
PA13.Mode=Serial_Wire
PA13.Signal=SYS_SWDIO
PA14.Mode=Serial_Wire
PA14.Signal=SYS_SWCLK
PA2.Mode=SEG1
PA2.Signal=LCD_SEG1
PA3.Mode=SEG2
PA3.Signal=LCD_SEG2
PA6.Mode=SEG3
PA6.Signal=LCD_SEG3
PA7.Mode=SEG4
PA7.Signal=LCD_SEG4
PA8.Mode=1/4 Duty Cycle
PA8.Signal=LCD_COM0
PA9.Mode=1/4 Duty Cycle
PA9.Signal=LCD_COM1
PB0.Mode=SEG5
PB0.Signal=LCD_SEG5
PB1.Mode=SEG6
PB1.Signal=LCD_SEG6
PB6.Mode=Asynchronous
PB6.Signal=USART1_TX
PB7.Mode=Asynchronous
PB7.Signal=USART1_RX
PB9.Mode=1/4 Duty Cycle
PB9.Signal=LCD_COM3
PCC.Checker=true
PCC.Line=STM32L0x3
PCC.MCU=STM32L053C(6-8)Tx
PCC.PartNumber=STM32L053C8Tx
PCC.Seq0=0
PCC.Series=STM32L0
PCC.Temperature=25
PCC.Vdd=null
PinOutPanel.RotationAngle=0
RCC.48CLKFreq_Value=24000000
RCC.AHBFreq_Value=16000000
RCC.APB1Freq_Value=16000000
RCC.APB1TimFreq_Value=16000000
RCC.APB2Freq_Value=16000000
RCC.APB2TimFreq_Value=16000000
RCC.FCLKCortexFreq_Value=16000000
RCC.FamilyName=M
RCC.HCLKFreq_Value=16000000
RCC.HSE_VALUE=8000000
RCC.HSI16_VALUE=16000000
RCC.HSI48_VALUE=48000000
RCC.HSI_VALUE=16000000
RCC.I2C1Freq_Value=16000000
RCC.IPParameters=48CLKFreq_Value,AHBFreq_Value,APB1Freq_Value,APB1TimFreq_Value,APB2Freq_Value,APB2TimFreq_Value,FCLKCortexFreq_Value,FamilyName,HCLKFreq_Value,HSE_VALUE,HSI16_VALUE,HSI48_VALUE,HSI_VALUE,I2C1Freq_Value,LCDFreq_Value,LPTIMFreq_Value,LPUARTFreq_Value,LSE_VALUE,LSI_VALUE,MCOPinFreq_Value,MSI_VALUE,PLLCLKFreq_Value,PWRFreq_Value,RTCFreq_Value,RTCHSEDivFreq_Value,SYSCLKFreq_VALUE,SYSCLKSource,TIMFreq_Value,TimerFreq_Value,USART1Freq_Value,USART2Freq_Value,Usart1ClockSelection,VCOOutputFreq_Value,WatchDogFreq_Value
RCC.LCDFreq_Value=37000
RCC.LPTIMFreq_Value=16000000
RCC.LPUARTFreq_Value=16000000
RCC.LSE_VALUE=32768
RCC.LSI_VALUE=37000
RCC.MCOPinFreq_Value=16000000
RCC.MSI_VALUE=2097000
RCC.PLLCLKFreq_Value=24000000
RCC.PWRFreq_Value=16000000
RCC.RTCFreq_Value=37000
RCC.RTCHSEDivFreq_Value=4000000
RCC.SYSCLKFreq_VALUE=16000000
RCC.SYSCLKSource=RCC_SYSCLKSOURCE_HSI
RCC.TIMFreq_Value=16000000
RCC.TimerFreq_Value=16000000
RCC.USART1Freq_Value=16000000
RCC.USART2Freq_Value=16000000
RCC.Usart1ClockSelection=RCC_USART1CLKSOURCE_SYSCLK
RCC.VCOOutputFreq_Value=48000000
RCC.WatchDogFreq_Value=37000
USART1.IPParameters=VirtualMode-Asynchronous,WordLength
USART1.VirtualMode-Asynchronous=VM_ASYNC
USART1.WordLength=WORDLENGTH_8B
VP_LCD_LCD_Bias.Mode=1/3 Bias
VP_LCD_LCD_Bias.Signal=LCD_LCD_Bias
VP_SYS_VS_Systick.Mode=SysTick
VP_SYS_VS_Systick.Signal=SYS_VS_Systick
